# This file is automatically @generated by Cargo.
# It is not intended for manual editing.
version = 4

[[package]]
name = "patchwright-cli"
version = "0.1.0"
dependencies = [
 "patchwright-core",
]

[[package]]
name = "patchwright-core"
version = "0.1.0"

[[package]]
name = "patchwright-exec-local"
version = "0.1.0"
dependencies = [
 "patchwright-core",
 "patchwright-test-support",
]

[[package]]
name = "patchwright-index"
version = "0.1.0"
dependencies = [
 "patchwright-core",
 "patchwright-test-support",
]

[[package]]
name = "patchwright-lang-rust"
version = "0.1.0"
dependencies = [
 "patchwright-core",
 "patchwright-index",
 "patchwright-test-support",
]

[[package]]
name = "patchwright-test-support"
version = "0.1.0"
